lockfileVersion: '9.0'

settings:
  autoInstallPeers: true
  excludeLinksFromLockfile: false

importers:

  .:
    devDependencies:
      exec-inline:
        specifier: ^0.0.5
        version: 0.0.5

packages:

  '@types/node@13.13.52':
    resolution: {integrity: sha512-s3nugnZumCC//n4moGGe6tkNMyYEdaDBitVjwPxXmR5lnMG5dHePinH2EdxkG3Rh1ghFHHixAG4NJhpJW1rthQ==}

  exec-inline@0.0.5:
    resolution: {integrity: sha512-g7eEPrhCbkBJoYb8PG4aZeRXog1HYptBNNfwN1bRmzYWtu5dNQniqcmwClBhb6YWg3X/wrOnzmKJSPUbZYsKJg==}
    engines: {node: '>= 8.9.0'}

  tslib@1.14.1:
    resolution: {integrity: sha512-Xni35NKzjgMrwevysHTCArtLDpPvye8zV/0E4EyYn43P7/7qvQwPh9BGkHewbMulVntbigmcT7rdX3BNo9wRJg==}

snapshots:

  '@types/node@13.13.52': {}

  exec-inline@0.0.5:
    dependencies:
      '@types/node': 13.13.52
      tslib: 1.14.1

  tslib@1.14.1: {}
